// !$*UTF8*$!
{
	archiveVersion = 1;
	classes = {
	};
	objectVersion = 50;
	objects = {

/* Begin PBXBuildFile section */
		3918E43822FC75DA0099D9BC /* check.cpp in Sources */ = {isa = PBXBuildFile; fileRef = 3918E43722FC75DA0099D9BC /* check.cpp */; };
		3918E44B22FC7B3A0099D9BC /* libglfw.3.4.dylib in Frameworks */ = {isa = PBXBuildFile; fileRef = 3918E43F22FC77AF0099D9BC /* libglfw.3.4.dylib */; };
		3918E44E22FC7BB40099D9BC /* libvulkan.1.dylib in Frameworks */ = {isa = PBXBuildFile; fileRef = 3918E44122FC77E20099D9BC /* libvulkan.1.dylib */; };
		3918E44F22FC7BB80099D9BC /* libvulkan.1.1.114.dylib in Frameworks */ = {isa = PBXBuildFile; fileRef = 3918E44322FC77E60099D9BC /* libvulkan.1.1.114.dylib */; };
		3918E45522FC7D160099D9BC /* libvulkan.1.1.114.dylib in CopyFiles */ = {isa = PBXBuildFile; fileRef = 3918E45422FC7D160099D9BC /* libvulkan.1.1.114.dylib */; settings = {ATTRIBUTES = (CodeSignOnCopy, ); }; };
		3918E45722FC7D1D0099D9BC /* libvulkan.1.dylib in CopyFiles */ = {isa = PBXBuildFile; fileRef = 3918E45622FC7D1D0099D9BC /* libvulkan.1.dylib */; settings = {ATTRIBUTES = (CodeSignOnCopy, ); }; };
		3918E45922FC7D220099D9BC /* libglfw.3.4.dylib in CopyFiles */ = {isa = PBXBuildFile; fileRef = 3918E45822FC7D220099D9BC /* libglfw.3.4.dylib */; settings = {ATTRIBUTES = (CodeSignOnCopy, ); }; };
		3918E45C22FC7DCB0099D9BC /* main.cpp in Sources */ = {isa = PBXBuildFile; fileRef = 3918E45A22FC7DCB0099D9BC /* main.cpp */; };
		39A358FA23045E93008D67D6 /* texture.jpg in CopyFiles */ = {isa = PBXBuildFile; fileRef = 39A358F823045DFF008D67D6 /* texture.jpg */; };
		39B09FD7230C309000E5514B /* BaseApp.cpp in Sources */ = {isa = PBXBuildFile; fileRef = 39B09FD5230C309000E5514B /* BaseApp.cpp */; };
		39B09FDA230C392900E5514B /* ComputeMain.cpp in Sources */ = {isa = PBXBuildFile; fileRef = 39B09FD8230C392900E5514B /* ComputeMain.cpp */; };
		39B09FDE230C5C9600E5514B /* comp.spv in CopyFiles */ = {isa = PBXBuildFile; fileRef = 39B09FDD230C5C9100E5514B /* comp.spv */; };
		39B09FE1230EEB8300E5514B /* ed25519.spv in CopyFiles */ = {isa = PBXBuildFile; fileRef = 39B09FE0230ED3D400E5514B /* ed25519.spv */; };
		39B5668522FDB25A00866553 /* vert.spv in CopyFiles */ = {isa = PBXBuildFile; fileRef = 39B5667B22FDB16900866553 /* vert.spv */; };
		39B5668622FDB25A00866553 /* frag.spv in CopyFiles */ = {isa = PBXBuildFile; fileRef = 39B5667C22FDB17A00866553 /* frag.spv */; };
/* End PBXBuildFile section */

/* Begin PBXCopyFilesBuildPhase section */
		3918E43222FC75DA0099D9BC /* CopyFiles */ = {
			isa = PBXCopyFilesBuildPhase;
			buildActionMask = 12;
			dstPath = "";
			dstSubfolderSpec = 10;
			files = (
				39B09FE1230EEB8300E5514B /* ed25519.spv in CopyFiles */,
				39B09FDE230C5C9600E5514B /* comp.spv in CopyFiles */,
				39A358FA23045E93008D67D6 /* texture.jpg in CopyFiles */,
				39B5668522FDB25A00866553 /* vert.spv in CopyFiles */,
				39B5668622FDB25A00866553 /* frag.spv in CopyFiles */,
				3918E45522FC7D160099D9BC /* libvulkan.1.1.114.dylib in CopyFiles */,
				3918E45722FC7D1D0099D9BC /* libvulkan.1.dylib in CopyFiles */,
				3918E45922FC7D220099D9BC /* libglfw.3.4.dylib in CopyFiles */,
			);
			runOnlyForDeploymentPostprocessing = 0;
		};
/* End PBXCopyFilesBuildPhase section */

/* Begin PBXFileReference section */
		3918E43422FC75DA0099D9BC /* TestingVulkan */ = {isa = PBXFileReference; explicitFileType = "compiled.mach-o.executable"; includeInIndex = 0; path = TestingVulkan; sourceTree = BUILT_PRODUCTS_DIR; };
		3918E43722FC75DA0099D9BC /* check.cpp */ = {isa = PBXFileReference; lastKnownFileType = sourcecode.cpp.cpp; path = check.cpp; sourceTree = "<group>"; };
		3918E43F22FC77AF0099D9BC /* libglfw.3.4.dylib */ = {isa = PBXFileReference; lastKnownFileType = "compiled.mach-o.dylib"; name = libglfw.3.4.dylib; path = ../../../../usr/local/lib/libglfw.3.4.dylib; sourceTree = "<group>"; };
		3918E44122FC77E20099D9BC /* libvulkan.1.dylib */ = {isa = PBXFileReference; lastKnownFileType = "compiled.mach-o.dylib"; name = libvulkan.1.dylib; path = ../../vulkan/sdk/macOS/lib/libvulkan.1.dylib; sourceTree = "<group>"; };
		3918E44322FC77E60099D9BC /* libvulkan.1.1.114.dylib */ = {isa = PBXFileReference; lastKnownFileType = "compiled.mach-o.dylib"; name = libvulkan.1.1.114.dylib; path = ../../vulkan/sdk/macOS/lib/libvulkan.1.1.114.dylib; sourceTree = "<group>"; };
		3918E44522FC77FE0099D9BC /* libvulkan.1.1.114.dylib */ = {isa = PBXFileReference; lastKnownFileType = "compiled.mach-o.dylib"; path = libvulkan.1.1.114.dylib; sourceTree = "<group>"; };
		3918E44722FC78060099D9BC /* libvulkan.1.dylib */ = {isa = PBXFileReference; lastKnownFileType = "compiled.mach-o.dylib"; path = libvulkan.1.dylib; sourceTree = "<group>"; };
		3918E44922FC78150099D9BC /* libglfw.3.4.dylib */ = {isa = PBXFileReference; lastKnownFileType = "compiled.mach-o.dylib"; path = libglfw.3.4.dylib; sourceTree = "<group>"; };
		3918E44C22FC7B820099D9BC /* libglfw.3.4.dylib */ = {isa = PBXFileReference; lastKnownFileType = "compiled.mach-o.dylib"; name = libglfw.3.4.dylib; path = ../../../../usr/local/lib/libglfw.3.4.dylib; sourceTree = "<group>"; };
		3918E45022FC7BBD0099D9BC /* libvulkan.1.dylib */ = {isa = PBXFileReference; lastKnownFileType = "compiled.mach-o.dylib"; name = libvulkan.1.dylib; path = ../../vulkan/sdk/macOS/lib/libvulkan.1.dylib; sourceTree = "<group>"; };
		3918E45222FC7BC20099D9BC /* libvulkan.1.1.114.dylib */ = {isa = PBXFileReference; lastKnownFileType = "compiled.mach-o.dylib"; name = libvulkan.1.1.114.dylib; path = ../../vulkan/sdk/macOS/lib/libvulkan.1.1.114.dylib; sourceTree = "<group>"; };
		3918E45422FC7D160099D9BC /* libvulkan.1.1.114.dylib */ = {isa = PBXFileReference; lastKnownFileType = "compiled.mach-o.dylib"; name = libvulkan.1.1.114.dylib; path = ../../vulkan/sdk/macOS/lib/libvulkan.1.1.114.dylib; sourceTree = "<group>"; };
		3918E45622FC7D1D0099D9BC /* libvulkan.1.dylib */ = {isa = PBXFileReference; lastKnownFileType = "compiled.mach-o.dylib"; name = libvulkan.1.dylib; path = ../../vulkan/sdk/macOS/lib/libvulkan.1.dylib; sourceTree = "<group>"; };
		3918E45822FC7D220099D9BC /* libglfw.3.4.dylib */ = {isa = PBXFileReference; lastKnownFileType = "compiled.mach-o.dylib"; name = libglfw.3.4.dylib; path = ../../../../usr/local/lib/libglfw.3.4.dylib; sourceTree = "<group>"; };
		3918E45A22FC7DCB0099D9BC /* main.cpp */ = {isa = PBXFileReference; lastKnownFileType = sourcecode.cpp.cpp; path = main.cpp; sourceTree = "<group>"; };
		3918E45B22FC7DCB0099D9BC /* main.hpp */ = {isa = PBXFileReference; lastKnownFileType = sourcecode.cpp.h; path = main.hpp; sourceTree = "<group>"; };
		3918E45D22FCCEB30099D9BC /* optional.h */ = {isa = PBXFileReference; lastKnownFileType = sourcecode.c.h; path = optional.h; sourceTree = "<group>"; };
		3918E45F22FDA5E30099D9BC /* shader.vert */ = {isa = PBXFileReference; lastKnownFileType = sourcecode.glsl; path = shader.vert; sourceTree = "<group>"; };
		3918E46022FDA5FE0099D9BC /* shader.frag */ = {isa = PBXFileReference; lastKnownFileType = sourcecode.glsl; path = shader.frag; sourceTree = "<group>"; };
		39A358F823045DFF008D67D6 /* texture.jpg */ = {isa = PBXFileReference; lastKnownFileType = image.jpeg; path = texture.jpg; sourceTree = "<group>"; };
		39B09FD5230C309000E5514B /* BaseApp.cpp */ = {isa = PBXFileReference; lastKnownFileType = sourcecode.cpp.cpp; path = BaseApp.cpp; sourceTree = "<group>"; };
		39B09FD6230C309000E5514B /* BaseApp.hpp */ = {isa = PBXFileReference; lastKnownFileType = sourcecode.cpp.h; path = BaseApp.hpp; sourceTree = "<group>"; };
		39B09FD8230C392900E5514B /* ComputeMain.cpp */ = {isa = PBXFileReference; lastKnownFileType = sourcecode.cpp.cpp; path = ComputeMain.cpp; sourceTree = "<group>"; };
		39B09FD9230C392900E5514B /* ComputeMain.hpp */ = {isa = PBXFileReference; lastKnownFileType = sourcecode.cpp.h; path = ComputeMain.hpp; sourceTree = "<group>"; };
		39B09FDB230C5BD300E5514B /* shader.comp */ = {isa = PBXFileReference; lastKnownFileType = text; path = shader.comp; sourceTree = "<group>"; };
		39B09FDD230C5C9100E5514B /* comp.spv */ = {isa = PBXFileReference; lastKnownFileType = file; path = comp.spv; sourceTree = "<group>"; };
		39B09FDF230EC62000E5514B /* ed25519_ref10_fe_25_5.comp */ = {isa = PBXFileReference; lastKnownFileType = text; path = ed25519_ref10_fe_25_5.comp; sourceTree = "<group>"; };
		39B09FE0230ED3D400E5514B /* ed25519.spv */ = {isa = PBXFileReference; lastKnownFileType = file; path = ed25519.spv; sourceTree = "<group>"; };
		39B5667B22FDB16900866553 /* vert.spv */ = {isa = PBXFileReference; lastKnownFileType = text; path = vert.spv; sourceTree = "<group>"; };
		39B5667C22FDB17A00866553 /* frag.spv */ = {isa = PBXFileReference; lastKnownFileType = text; path = frag.spv; sourceTree = "<group>"; };
/* End PBXFileReference section */

/* Begin PBXFrameworksBuildPhase section */
		3918E43122FC75DA0099D9BC /* Frameworks */ = {
			isa = PBXFrameworksBuildPhase;
			buildActionMask = 2147483647;
			files = (
				3918E44B22FC7B3A0099D9BC /* libglfw.3.4.dylib in Frameworks */,
				3918E44E22FC7BB40099D9BC /* libvulkan.1.dylib in Frameworks */,
				3918E44F22FC7BB80099D9BC /* libvulkan.1.1.114.dylib in Frameworks */,
			);
			runOnlyForDeploymentPostprocessing = 0;
		};
/* End PBXFrameworksBuildPhase section */

/* Begin PBXGroup section */
		3918E42B22FC75DA0099D9BC = {
			isa = PBXGroup;
			children = (
				3918E45822FC7D220099D9BC /* libglfw.3.4.dylib */,
				3918E45622FC7D1D0099D9BC /* libvulkan.1.dylib */,
				3918E45222FC7BC20099D9BC /* libvulkan.1.1.114.dylib */,
				3918E45422FC7D160099D9BC /* libvulkan.1.1.114.dylib */,
				3918E45022FC7BBD0099D9BC /* libvulkan.1.dylib */,
				3918E44922FC78150099D9BC /* libglfw.3.4.dylib */,
				3918E44C22FC7B820099D9BC /* libglfw.3.4.dylib */,
				3918E44722FC78060099D9BC /* libvulkan.1.dylib */,
				3918E44522FC77FE0099D9BC /* libvulkan.1.1.114.dylib */,
				3918E43622FC75DA0099D9BC /* TestingVulkan */,
				3918E43522FC75DA0099D9BC /* Products */,
				3918E43E22FC77AF0099D9BC /* Frameworks */,
			);
			sourceTree = "<group>";
		};
		3918E43522FC75DA0099D9BC /* Products */ = {
			isa = PBXGroup;
			children = (
				3918E43422FC75DA0099D9BC /* TestingVulkan */,
			);
			name = Products;
			sourceTree = "<group>";
		};
		3918E43622FC75DA0099D9BC /* TestingVulkan */ = {
			isa = PBXGroup;
			children = (
				39A358F723045DA3008D67D6 /* textures */,
				3918E45E22FDA5B90099D9BC /* shaders */,
				3918E43722FC75DA0099D9BC /* check.cpp */,
				3918E45A22FC7DCB0099D9BC /* main.cpp */,
				3918E45B22FC7DCB0099D9BC /* main.hpp */,
				3918E45D22FCCEB30099D9BC /* optional.h */,
				39B09FD5230C309000E5514B /* BaseApp.cpp */,
				39B09FD8230C392900E5514B /* ComputeMain.cpp */,
				39B09FD9230C392900E5514B /* ComputeMain.hpp */,
				39B09FD6230C309000E5514B /* BaseApp.hpp */,
			);
			path = TestingVulkan;
			sourceTree = "<group>";
		};
		3918E43E22FC77AF0099D9BC /* Frameworks */ = {
			isa = PBXGroup;
			children = (
				3918E44322FC77E60099D9BC /* libvulkan.1.1.114.dylib */,
				3918E44122FC77E20099D9BC /* libvulkan.1.dylib */,
				3918E43F22FC77AF0099D9BC /* libglfw.3.4.dylib */,
			);
			name = Frameworks;
			sourceTree = "<group>";
		};
		3918E45E22FDA5B90099D9BC /* shaders */ = {
			isa = PBXGroup;
			children = (
				39B09FE0230ED3D400E5514B /* ed25519.spv */,
				39B09FDD230C5C9100E5514B /* comp.spv */,
				3918E45F22FDA5E30099D9BC /* shader.vert */,
				3918E46022FDA5FE0099D9BC /* shader.frag */,
				39B5667B22FDB16900866553 /* vert.spv */,
				39B5667C22FDB17A00866553 /* frag.spv */,
				39B09FDB230C5BD300E5514B /* shader.comp */,
				39B09FDF230EC62000E5514B /* ed25519_ref10_fe_25_5.comp */,
			);
			path = shaders;
			sourceTree = "<group>";
		};
		39A358F723045DA3008D67D6 /* textures */ = {
			isa = PBXGroup;
			children = (
				39A358F823045DFF008D67D6 /* texture.jpg */,
			);
			path = textures;
			sourceTree = "<group>";
		};
/* End PBXGroup section */

/* Begin PBXNativeTarget section */
		3918E43322FC75DA0099D9BC /* TestingVulkan */ = {
			isa = PBXNativeTarget;
			buildConfigurationList = 3918E43B22FC75DA0099D9BC /* Build configuration list for PBXNativeTarget "TestingVulkan" */;
			buildPhases = (
				3918E43022FC75DA0099D9BC /* Sources */,
				3918E43122FC75DA0099D9BC /* Frameworks */,
				3918E43222FC75DA0099D9BC /* CopyFiles */,
			);
			buildRules = (
			);
			dependencies = (
			);
			name = TestingVulkan;
			productName = TestingVulkan;
			productReference = 3918E43422FC75DA0099D9BC /* TestingVulkan */;
			productType = "com.apple.product-type.tool";
		};
/* End PBXNativeTarget section */

/* Begin PBXProject section */
		3918E42C22FC75DA0099D9BC /* Project object */ = {
			isa = PBXProject;
			attributes = {
				LastUpgradeCheck = 1030;
				ORGANIZATIONNAME = "Armen Khachatryan";
				TargetAttributes = {
					3918E43322FC75DA0099D9BC = {
						CreatedOnToolsVersion = 10.3;
					};
				};
			};
			buildConfigurationList = 3918E42F22FC75DA0099D9BC /* Build configuration list for PBXProject "TestingVulkan" */;
			compatibilityVersion = "Xcode 9.3";
			developmentRegion = en;
			hasScannedForEncodings = 0;
			knownRegions = (
				en,
			);
			mainGroup = 3918E42B22FC75DA0099D9BC;
			productRefGroup = 3918E43522FC75DA0099D9BC /* Products */;
			projectDirPath = "";
			projectRoot = "";
			targets = (
				3918E43322FC75DA0099D9BC /* TestingVulkan */,
			);
		};
/* End PBXProject section */

/* Begin PBXSourcesBuildPhase section */
		3918E43022FC75DA0099D9BC /* Sources */ = {
			isa = PBXSourcesBuildPhase;
			buildActionMask = 2147483647;
			files = (
				3918E45C22FC7DCB0099D9BC /* main.cpp in Sources */,
				39B09FD7230C309000E5514B /* BaseApp.cpp in Sources */,
				39B09FDA230C392900E5514B /* ComputeMain.cpp in Sources */,
				3918E43822FC75DA0099D9BC /* check.cpp in Sources */,
			);
			runOnlyForDeploymentPostprocessing = 0;
		};
/* End PBXSourcesBuildPhase section */

/* Begin XCBuildConfiguration section */
		3918E43922FC75DA0099D9BC /* Debug */ = {
			isa = XCBuildConfiguration;
			buildSettings = {
				ALWAYS_SEARCH_USER_PATHS = NO;
				CLANG_ANALYZER_NONNULL = YES;
				CLANG_ANALYZER_NUMBER_OBJECT_CONVERSION = YES_AGGRESSIVE;
				CLANG_CXX_LANGUAGE_STANDARD = "gnu++14";
				CLANG_CXX_LIBRARY = "libc++";
				CLANG_ENABLE_MODULES = YES;
				CLANG_ENABLE_OBJC_ARC = YES;
				CLANG_ENABLE_OBJC_WEAK = YES;
				CLANG_WARN_BLOCK_CAPTURE_AUTORELEASING = YES;
				CLANG_WARN_BOOL_CONVERSION = YES;
				CLANG_WARN_COMMA = YES;
				CLANG_WARN_CONSTANT_CONVERSION = YES;
				CLANG_WARN_DEPRECATED_OBJC_IMPLEMENTATIONS = YES;
				CLANG_WARN_DIRECT_OBJC_ISA_USAGE = YES_ERROR;
				CLANG_WARN_DOCUMENTATION_COMMENTS = YES;
				CLANG_WARN_EMPTY_BODY = YES;
				CLANG_WARN_ENUM_CONVERSION = YES;
				CLANG_WARN_INFINITE_RECURSION = YES;
				CLANG_WARN_INT_CONVERSION = YES;
				CLANG_WARN_NON_LITERAL_NULL_CONVERSION = YES;
				CLANG_WARN_OBJC_IMPLICIT_RETAIN_SELF = YES;
				CLANG_WARN_OBJC_LITERAL_CONVERSION = YES;
				CLANG_WARN_OBJC_ROOT_CLASS = YES_ERROR;
				CLANG_WARN_RANGE_LOOP_ANALYSIS = YES;
				CLANG_WARN_STRICT_PROTOTYPES = YES;
				CLANG_WARN_SUSPICIOUS_MOVE = YES;
				CLANG_WARN_UNGUARDED_AVAILABILITY = YES_AGGRESSIVE;
				CLANG_WARN_UNREACHABLE_CODE = YES;
				CLANG_WARN__DUPLICATE_METHOD_MATCH = YES;
				CODE_SIGN_IDENTITY = "-";
				COPY_PHASE_STRIP = NO;
				DEBUG_INFORMATION_FORMAT = dwarf;
				ENABLE_STRICT_OBJC_MSGSEND = YES;
				ENABLE_TESTABILITY = YES;
				GCC_C_LANGUAGE_STANDARD = gnu11;
				GCC_DYNAMIC_NO_PIC = NO;
				GCC_NO_COMMON_BLOCKS = YES;
				GCC_OPTIMIZATION_LEVEL = 0;
				GCC_PREPROCESSOR_DEFINITIONS = (
					"DEBUG=1",
					"$(inherited)",
				);
				GCC_WARN_64_TO_32_BIT_CONVERSION = YES;
				GCC_WARN_ABOUT_RETURN_TYPE = YES_ERROR;
				GCC_WARN_UNDECLARED_SELECTOR = YES;
				GCC_WARN_UNINITIALIZED_AUTOS = YES_AGGRESSIVE;
				GCC_WARN_UNUSED_FUNCTION = YES;
				GCC_WARN_UNUSED_VARIABLE = YES;
				MACOSX_DEPLOYMENT_TARGET = 10.14;
				MTL_ENABLE_DEBUG_INFO = INCLUDE_SOURCE;
				MTL_FAST_MATH = YES;
				ONLY_ACTIVE_ARCH = YES;
				SDKROOT = macosx;
			};
			name = Debug;
		};
		3918E43A22FC75DA0099D9BC /* Release */ = {
			isa = XCBuildConfiguration;
			buildSettings = {
				ALWAYS_SEARCH_USER_PATHS = NO;
				CLANG_ANALYZER_NONNULL = YES;
				CLANG_ANALYZER_NUMBER_OBJECT_CONVERSION = YES_AGGRESSIVE;
				CLANG_CXX_LANGUAGE_STANDARD = "gnu++14";
				CLANG_CXX_LIBRARY = "libc++";
				CLANG_ENABLE_MODULES = YES;
				CLANG_ENABLE_OBJC_ARC = YES;
				CLANG_ENABLE_OBJC_WEAK = YES;
				CLANG_WARN_BLOCK_CAPTURE_AUTORELEASING = YES;
				CLANG_WARN_BOOL_CONVERSION = YES;
				CLANG_WARN_COMMA = YES;
				CLANG_WARN_CONSTANT_CONVERSION = YES;
				CLANG_WARN_DEPRECATED_OBJC_IMPLEMENTATIONS = YES;
				CLANG_WARN_DIRECT_OBJC_ISA_USAGE = YES_ERROR;
				CLANG_WARN_DOCUMENTATION_COMMENTS = YES;
				CLANG_WARN_EMPTY_BODY = YES;
				CLANG_WARN_ENUM_CONVERSION = YES;
				CLANG_WARN_INFINITE_RECURSION = YES;
				CLANG_WARN_INT_CONVERSION = YES;
				CLANG_WARN_NON_LITERAL_NULL_CONVERSION = YES;
				CLANG_WARN_OBJC_IMPLICIT_RETAIN_SELF = YES;
				CLANG_WARN_OBJC_LITERAL_CONVERSION = YES;
				CLANG_WARN_OBJC_ROOT_CLASS = YES_ERROR;
				CLANG_WARN_RANGE_LOOP_ANALYSIS = YES;
				CLANG_WARN_STRICT_PROTOTYPES = YES;
				CLANG_WARN_SUSPICIOUS_MOVE = YES;
				CLANG_WARN_UNGUARDED_AVAILABILITY = YES_AGGRESSIVE;
				CLANG_WARN_UNREACHABLE_CODE = YES;
				CLANG_WARN__DUPLICATE_METHOD_MATCH = YES;
				CODE_SIGN_IDENTITY = "-";
				COPY_PHASE_STRIP = NO;
				DEBUG_INFORMATION_FORMAT = "dwarf-with-dsym";
				ENABLE_NS_ASSERTIONS = NO;
				ENABLE_STRICT_OBJC_MSGSEND = YES;
				GCC_C_LANGUAGE_STANDARD = gnu11;
				GCC_NO_COMMON_BLOCKS = YES;
				GCC_WARN_64_TO_32_BIT_CONVERSION = YES;
				GCC_WARN_ABOUT_RETURN_TYPE = YES_ERROR;
				GCC_WARN_UNDECLARED_SELECTOR = YES;
				GCC_WARN_UNINITIALIZED_AUTOS = YES_AGGRESSIVE;
				GCC_WARN_UNUSED_FUNCTION = YES;
				GCC_WARN_UNUSED_VARIABLE = YES;
				MACOSX_DEPLOYMENT_TARGET = 10.14;
				MTL_ENABLE_DEBUG_INFO = NO;
				MTL_FAST_MATH = YES;
				SDKROOT = macosx;
			};
			name = Release;
		};
		3918E43C22FC75DA0099D9BC /* Debug */ = {
			isa = XCBuildConfiguration;
			buildSettings = {
				CODE_SIGN_STYLE = Automatic;
				HEADER_SEARCH_PATHS = (
					/Users/armkha01/vulkan/sdk/macOS/include,
					/usr/local/include,
					/Users/armkha01/vulkan/libs/stb,
				);
				"LIBRARY_SEARCH_PATHS[arch=*]" = (
					"/Users/armkha01/vulkan/sdk/macOS/lib/**",
					"/usr/local/lib/**",
				);
				PRODUCT_NAME = "$(TARGET_NAME)";
			};
			name = Debug;
		};
		3918E43D22FC75DA0099D9BC /* Release */ = {
			isa = XCBuildConfiguration;
			buildSettings = {
				CODE_SIGN_STYLE = Automatic;
				HEADER_SEARCH_PATHS = (
					/Users/armkha01/vulkan/sdk/macOS/include,
					/usr/local/include,
					/Users/armkha01/vulkan/libs/stb,
				);
				"LIBRARY_SEARCH_PATHS[arch=*]" = (
					/Users/armkha01/vulkan/sdk/macOS/lib,
					/usr/local/lib,
				);
				PRODUCT_NAME = "$(TARGET_NAME)";
			};
			name = Release;
		};
/* End XCBuildConfiguration section */

/* Begin XCConfigurationList section */
		3918E42F22FC75DA0099D9BC /* Build configuration list for PBXProject "TestingVulkan" */ = {
			isa = XCConfigurationList;
			buildConfigurations = (
				3918E43922FC75DA0099D9BC /* Debug */,
				3918E43A22FC75DA0099D9BC /* Release */,
			);
			defaultConfigurationIsVisible = 0;
			defaultConfigurationName = Release;
		};
		3918E43B22FC75DA0099D9BC /* Build configuration list for PBXNativeTarget "TestingVulkan" */ = {
			isa = XCConfigurationList;
			buildConfigurations = (
				3918E43C22FC75DA0099D9BC /* Debug */,
				3918E43D22FC75DA0099D9BC /* Release */,
			);
			defaultConfigurationIsVisible = 0;
			defaultConfigurationName = Release;
		};
/* End XCConfigurationList section */
	};
	rootObject = 3918E42C22FC75DA0099D9BC /* Project object */;
}
